
Microsoft Visual Studio Solution File, Format Version 12.00
# Visual Studio Version 17
VisualStudioVersion = 17.14.36301.6
MinimumVisualStudioVersion = 10.0.40219.1
Project("{FAE04EC0-301F-11D3-BF4B-00C04F79EFBC}") = "qqbot", "qqbot.csproj", "{0DFA7B73-54AA-4D31-B6E1-55F45AC8EB75}"
EndProject
Project("{FAE04EC0-301F-11D3-BF4B-00C04F79EFBC}") = "PythonLauncherTest", "..\PythonLauncherTest\PythonLauncherTest.csproj", "{AB800DE2-085A-481C-B34B-D01BE20F58A8}"
EndProject
Global
	GlobalSection(SolutionConfigurationPlatforms) = preSolution
		Debug|Any CPU = Debug|Any CPU
		Release|Any CPU = Release|Any CPU
	EndGlobalSection
	GlobalSection(ProjectConfigurationPlatforms) = postSolution
		{0DFA7B73-54AA-4D31-B6E1-55F45AC8EB75}.Debug|Any CPU.ActiveCfg = Debug|Any CPU
		{0DFA7B73-54AA-4D31-B6E1-55F45AC8EB75}.Debug|Any CPU.Build.0 = Debug|Any CPU
		{0DFA7B73-54AA-4D31-B6E1-55F45AC8EB75}.Release|Any CPU.ActiveCfg = Release|Any CPU
		{0DFA7B73-54AA-4D31-B6E1-55F45AC8EB75}.Release|Any CPU.Build.0 = Release|Any CPU
		{AB800DE2-085A-481C-B34B-D01BE20F58A8}.Debug|Any CPU.ActiveCfg = Debug|Any CPU
		{AB800DE2-085A-481C-B34B-D01BE20F58A8}.Debug|Any CPU.Build.0 = Debug|Any CPU
		{AB800DE2-085A-481C-B34B-D01BE20F58A8}.Release|Any CPU.ActiveCfg = Release|Any CPU
		{AB800DE2-085A-481C-B34B-D01BE20F58A8}.Release|Any CPU.Build.0 = Release|Any CPU
	EndGlobalSection
	GlobalSection(SolutionProperties) = preSolution
		HideSolutionNode = FALSE
	EndGlobalSection
	GlobalSection(ExtensibilityGlobals) = postSolution
		SolutionGuid = {D19B6FAA-212D-4690-943A-1258139A75E2}
	EndGlobalSection
EndGlobal
